{
  "originHash" : "f1a577a09eac3984d7a45b8dcadcf977455a5810ca683cc3916a8c91f70a18ad",
  "pins" : [
    {
      "identity" : "swift-asn1",
      "kind" : "remoteSourceControl",
      "location" : "https://github.com/apple/swift-asn1.git",
      "state" : {
        "revision" : "3b6410f7dee09eb33cdd26260c5fd47fda19b0e2",
        "version" : "1.7.3"
      }
    },
    {
      "identity" : "swift-crypto",
      "kind" : "remoteSourceControl",
      "location" : "https://github.com/apple/swift-crypto.git",
      "state" : {
        "revision" : "95ba0316a9b733e92bb6b071255ff46263bbe7dc",
        "version" : "3.15.1"
      }
    },
    {
      "identity" : "swiftagent",
      "kind" : "remoteSourceControl",
      "location" : "https://github.com/OtohaCo/SwiftAgent.git",
      "state" : {
        "branch" : "main",
        "revision" : "5de9e4fd4e69c2da809f78e6a69951b0a2067b4c"
      }
    }
  ],
  "version" : 3
}
